// !$*UTF8*$!
{
	archiveVersion = 1;
	classes = {
	};
	objectVersion = 46;
	objects = {

/* Begin PBXBuildFile section */
		D401B6711CB417150018465C /* tripSuggestions.swift in Sources */ = {isa = PBXBuildFile; fileRef = D401B6701CB417150018465C /* tripSuggestions.swift */; };
		D401B6721CB417150018465C /* tripSuggestions.swift in Sources */ = {isa = PBXBuildFile; fileRef = D401B6701CB417150018465C /* tripSuggestions.swift */; };
		D401B6731CB417150018465C /* tripSuggestions.swift in Sources */ = {isa = PBXBuildFile; fileRef = D401B6701CB417150018465C /* tripSuggestions.swift */; };
		D40421F91CC7AAC400D916C7 /* LegWalk.swift in Sources */ = {isa = PBXBuildFile; fileRef = D40421F81CC7AAC400D916C7 /* LegWalk.swift */; };
		D40421FB1CC7AAD000D916C7 /* LegTravel.swift in Sources */ = {isa = PBXBuildFile; fileRef = D40421FA1CC7AAD000D916C7 /* LegTravel.swift */; };
		D4426B6E1CC0C58200199A71 /* ParseJson.swift in Sources */ = {isa = PBXBuildFile; fileRef = D4426B6D1CC0C58200199A71 /* ParseJson.swift */; };
		D4426B701CC0D4F900199A71 /* TripSuggestionCells_new.swift in Sources */ = {isa = PBXBuildFile; fileRef = D4426B6F1CC0D4F900199A71 /* TripSuggestionCells_new.swift */; };
		D4426B721CC1267500199A71 /* Address.swift in Sources */ = {isa = PBXBuildFile; fileRef = D4426B711CC1267400199A71 /* Address.swift */; };
		D4426B741CC1396500199A71 /* Leg.swift in Sources */ = {isa = PBXBuildFile; fileRef = D4426B731CC1396500199A71 /* Leg.swift */; };
		D4426B761CC139D800199A71 /* Trip.swift in Sources */ = {isa = PBXBuildFile; fileRef = D4426B751CC139D700199A71 /* Trip.swift */; };
		D4426B781CC1E9F000199A71 /* LegInfo.swift in Sources */ = {isa = PBXBuildFile; fileRef = D4426B771CC1E9F000199A71 /* LegInfo.swift */; };
		D4426B7A1CC1F77D00199A71 /* LegDetail.swift in Sources */ = {isa = PBXBuildFile; fileRef = D4426B791CC1F77D00199A71 /* LegDetail.swift */; };
		D4426B7C1CC1F9FC00199A71 /* Walk.swift in Sources */ = {isa = PBXBuildFile; fileRef = D4426B7B1CC1F9FC00199A71 /* Walk.swift */; };
		D4426B7E1CC1FB1B00199A71 /* Travel.swift in Sources */ = {isa = PBXBuildFile; fileRef = D4426B7D1CC1FB1B00199A71 /* Travel.swift */; };
		D4558E501CB5301E0050DB75 /* WebServiceHandler.swift in Sources */ = {isa = PBXBuildFile; fileRef = D4558E4F1CB5301E0050DB75 /* WebServiceHandler.swift */; };
		D4558E511CB5301E0050DB75 /* WebServiceHandler.swift in Sources */ = {isa = PBXBuildFile; fileRef = D4558E4F1CB5301E0050DB75 /* WebServiceHandler.swift */; };
		D4558E521CB5301E0050DB75 /* WebServiceHandler.swift in Sources */ = {isa = PBXBuildFile; fileRef = D4558E4F1CB5301E0050DB75 /* WebServiceHandler.swift */; };
		D4558E581CB553E10050DB75 /* SearchTripController.swift in Sources */ = {isa = PBXBuildFile; fileRef = D4558E571CB553E10050DB75 /* SearchTripController.swift */; };
		D4558E591CB553E10050DB75 /* SearchTripController.swift in Sources */ = {isa = PBXBuildFile; fileRef = D4558E571CB553E10050DB75 /* SearchTripController.swift */; };
		D4558E5A1CB553E10050DB75 /* SearchTripController.swift in Sources */ = {isa = PBXBuildFile; fileRef = D4558E571CB553E10050DB75 /* SearchTripController.swift */; };
		D46964F41CB3F37C00C6CFE1 /* AppDelegate.swift in Sources */ = {isa = PBXBuildFile; fileRef = D46964F31CB3F37C00C6CFE1 /* AppDelegate.swift */; };
		D46964F81CB3F37C00C6CFE1 /* SecondViewController.swift in Sources */ = {isa = PBXBuildFile; fileRef = D46964F71CB3F37C00C6CFE1 /* SecondViewController.swift */; };
		D46964FB1CB3F37C00C6CFE1 /* Main.storyboard in Resources */ = {isa = PBXBuildFile; fileRef = D46964F91CB3F37C00C6CFE1 /* Main.storyboard */; };
		D46964FD1CB3F37C00C6CFE1 /* Assets.xcassets in Resources */ = {isa = PBXBuildFile; fileRef = D46964FC1CB3F37C00C6CFE1 /* Assets.xcassets */; };
		D46965001CB3F37C00C6CFE1 /* LaunchScreen.storyboard in Resources */ = {isa = PBXBuildFile; fileRef = D46964FE1CB3F37C00C6CFE1 /* LaunchScreen.storyboard */; };
		D469650B1CB3F37D00C6CFE1 /* SLifeTests.swift in Sources */ = {isa = PBXBuildFile; fileRef = D469650A1CB3F37D00C6CFE1 /* SLifeTests.swift */; };
		D46965161CB3F37D00C6CFE1 /* SLifeUITests.swift in Sources */ = {isa = PBXBuildFile; fileRef = D46965151CB3F37D00C6CFE1 /* SLifeUITests.swift */; };
		D48827E31CBBCF35002A0A87 /* TripSuggestionsCell.swift in Sources */ = {isa = PBXBuildFile; fileRef = D48827E21CBBCF35002A0A87 /* TripSuggestionsCell.swift */; };
		D48827E41CBBCF35002A0A87 /* TripSuggestionsCell.swift in Sources */ = {isa = PBXBuildFile; fileRef = D48827E21CBBCF35002A0A87 /* TripSuggestionsCell.swift */; };
		D48827E51CBBCF35002A0A87 /* TripSuggestionsCell.swift in Sources */ = {isa = PBXBuildFile; fileRef = D48827E21CBBCF35002A0A87 /* TripSuggestionsCell.swift */; };
		D48827EB1CBBDEEA002A0A87 /* TripSuggestionsTVC.swift in Sources */ = {isa = PBXBuildFile; fileRef = D48827EA1CBBDEEA002A0A87 /* TripSuggestionsTVC.swift */; };
		D48827ED1CBBE108002A0A87 /* Trips.swift in Sources */ = {isa = PBXBuildFile; fileRef = D48827EC1CBBE108002A0A87 /* Trips.swift */; };
		D4C9B48A1CBEA16000978546 /* TripSuggestionsTVC_new.swift in Sources */ = {isa = PBXBuildFile; fileRef = D4C9B4891CBEA16000978546 /* TripSuggestionsTVC_new.swift */; };
		D4C9B48C1CBEAA9100978546 /* TripStocks.swift in Sources */ = {isa = PBXBuildFile; fileRef = D4C9B48B1CBEAA9100978546 /* TripStocks.swift */; };
/* End PBXBuildFile section */

/* Begin PBXContainerItemProxy section */
		D46965071CB3F37D00C6CFE1 /* PBXContainerItemProxy */ = {
			isa = PBXContainerItemProxy;
			containerPortal = D46964E81CB3F37C00C6CFE1 /* Project object */;
			proxyType = 1;
			remoteGlobalIDString = D46964EF1CB3F37C00C6CFE1;
			remoteInfo = SLife;
		};
		D46965121CB3F37D00C6CFE1 /* PBXContainerItemProxy */ = {
			isa = PBXContainerItemProxy;
			containerPortal = D46964E81CB3F37C00C6CFE1 /* Project object */;
			proxyType = 1;
			remoteGlobalIDString = D46964EF1CB3F37C00C6CFE1;
			remoteInfo = SLife;
		};
/* End PBXContainerItemProxy section */

/* Begin PBXFileReference section */
		D401B6701CB417150018465C /* tripSuggestions.swift */ = {isa = PBXFileReference; fileEncoding = 4; lastKnownFileType = sourcecode.swift; path = tripSuggestions.swift; sourceTree = "<group>"; };
		D40421F81CC7AAC400D916C7 /* LegWalk.swift */ = {isa = PBXFileReference; fileEncoding = 4; lastKnownFileType = sourcecode.swift; path = LegWalk.swift; sourceTree = "<group>"; };
		D40421FA1CC7AAD000D916C7 /* LegTravel.swift */ = {isa = PBXFileReference; fileEncoding = 4; lastKnownFileType = sourcecode.swift; path = LegTravel.swift; sourceTree = "<group>"; };
		D4426B6D1CC0C58200199A71 /* ParseJson.swift */ = {isa = PBXFileReference; fileEncoding = 4; lastKnownFileType = sourcecode.swift; path = ParseJson.swift; sourceTree = "<group>"; };
		D4426B6F1CC0D4F900199A71 /* TripSuggestionCells_new.swift */ = {isa = PBXFileReference; fileEncoding = 4; lastKnownFileType = sourcecode.swift; path = TripSuggestionCells_new.swift; sourceTree = "<group>"; };
		D4426B711CC1267400199A71 /* Address.swift */ = {isa = PBXFileReference; fileEncoding = 4; lastKnownFileType = sourcecode.swift; path = Address.swift; sourceTree = "<group>"; };
		D4426B731CC1396500199A71 /* Leg.swift */ = {isa = PBXFileReference; fileEncoding = 4; lastKnownFileType = sourcecode.swift; path = Leg.swift; sourceTree = "<group>"; };
		D4426B751CC139D700199A71 /* Trip.swift */ = {isa = PBXFileReference; fileEncoding = 4; lastKnownFileType = sourcecode.swift; path = Trip.swift; sourceTree = "<group>"; };
		D4426B771CC1E9F000199A71 /* LegInfo.swift */ = {isa = PBXFileReference; fileEncoding = 4; lastKnownFileType = sourcecode.swift; path = LegInfo.swift; sourceTree = "<group>"; };
		D4426B791CC1F77D00199A71 /* LegDetail.swift */ = {isa = PBXFileReference; fileEncoding = 4; lastKnownFileType = sourcecode.swift; path = LegDetail.swift; sourceTree = "<group>"; };
		D4426B7B1CC1F9FC00199A71 /* Walk.swift */ = {isa = PBXFileReference; fileEncoding = 4; lastKnownFileType = sourcecode.swift; path = Walk.swift; sourceTree = "<group>"; };
		D4426B7D1CC1FB1B00199A71 /* Travel.swift */ = {isa = PBXFileReference; fileEncoding = 4; lastKnownFileType = sourcecode.swift; path = Travel.swift; sourceTree = "<group>"; };
		D4558E4F1CB5301E0050DB75 /* WebServiceHandler.swift */ = {isa = PBXFileReference; fileEncoding = 4; lastKnownFileType = sourcecode.swift; path = WebServiceHandler.swift; sourceTree = "<group>"; };
		D4558E571CB553E10050DB75 /* SearchTripController.swift */ = {isa = PBXFileReference; fileEncoding = 4; lastKnownFileType = sourcecode.swift; path = SearchTripController.swift; sourceTree = "<group>"; };
		D46964F01CB3F37C00C6CFE1 /* SLife.app */ = {isa = PBXFileReference; explicitFileType = wrapper.application; includeInIndex = 0; path = SLife.app; sourceTree = BUILT_PRODUCTS_DIR; };
		D46964F31CB3F37C00C6CFE1 /* AppDelegate.swift */ = {isa = PBXFileReference; lastKnownFileType = sourcecode.swift; path = AppDelegate.swift; sourceTree = "<group>"; };
		D46964F71CB3F37C00C6CFE1 /* SecondViewController.swift */ = {isa = PBXFileReference; lastKnownFileType = sourcecode.swift; path = SecondViewController.swift; sourceTree = "<group>"; };
		D46964FA1CB3F37C00C6CFE1 /* Base */ = {isa = PBXFileReference; lastKnownFileType = file.storyboard; name = Base; path = Base.lproj/Main.storyboard; sourceTree = "<group>"; };
		D46964FC1CB3F37C00C6CFE1 /* Assets.xcassets */ = {isa = PBXFileReference; lastKnownFileType = folder.assetcatalog; path = Assets.xcassets; sourceTree = "<group>"; };
		D46964FF1CB3F37C00C6CFE1 /* Base */ = {isa = PBXFileReference; lastKnownFileType = file.storyboard; name = Base; path = Base.lproj/LaunchScreen.storyboard; sourceTree = "<group>"; };
		D46965011CB3F37C00C6CFE1 /* Info.plist */ = {isa = PBXFileReference; lastKnownFileType = text.plist.xml; path = Info.plist; sourceTree = "<group>"; };
		D46965061CB3F37D00C6CFE1 /* SLifeTests.xctest */ = {isa = PBXFileReference; explicitFileType = wrapper.cfbundle; includeInIndex = 0; path = SLifeTests.xctest; sourceTree = BUILT_PRODUCTS_DIR; };
		D469650A1CB3F37D00C6CFE1 /* SLifeTests.swift */ = {isa = PBXFileReference; lastKnownFileType = sourcecode.swift; path = SLifeTests.swift; sourceTree = "<group>"; };
		D469650C1CB3F37D00C6CFE1 /* Info.plist */ = {isa = PBXFileReference; lastKnownFileType = text.plist.xml; path = Info.plist; sourceTree = "<group>"; };
		D46965111CB3F37D00C6CFE1 /* SLifeUITests.xctest */ = {isa = PBXFileReference; explicitFileType = wrapper.cfbundle; includeInIndex = 0; path = SLifeUITests.xctest; sourceTree = BUILT_PRODUCTS_DIR; };
		D46965151CB3F37D00C6CFE1 /* SLifeUITests.swift */ = {isa = PBXFileReference; lastKnownFileType = sourcecode.swift; path = SLifeUITests.swift; sourceTree = "<group>"; };
		D46965171CB3F37D00C6CFE1 /* Info.plist */ = {isa = PBXFileReference; lastKnownFileType = text.plist.xml; path = Info.plist; sourceTree = "<group>"; };
		D48827E21CBBCF35002A0A87 /* TripSuggestionsCell.swift */ = {isa = PBXFileReference; fileEncoding = 4; lastKnownFileType = sourcecode.swift; path = TripSuggestionsCell.swift; sourceTree = "<group>"; };
		D48827EA1CBBDEEA002A0A87 /* TripSuggestionsTVC.swift */ = {isa = PBXFileReference; fileEncoding = 4; lastKnownFileType = sourcecode.swift; path = TripSuggestionsTVC.swift; sourceTree = "<group>"; };
		D48827EC1CBBE108002A0A87 /* Trips.swift */ = {isa = PBXFileReference; fileEncoding = 4; lastKnownFileType = sourcecode.swift; path = Trips.swift; sourceTree = "<group>"; };
		D4C9B4891CBEA16000978546 /* TripSuggestionsTVC_new.swift */ = {isa = PBXFileReference; fileEncoding = 4; lastKnownFileType = sourcecode.swift; path = TripSuggestionsTVC_new.swift; sourceTree = "<group>"; };
		D4C9B48B1CBEAA9100978546 /* TripStocks.swift */ = {isa = PBXFileReference; fileEncoding = 4; lastKnownFileType = sourcecode.swift; path = TripStocks.swift; sourceTree = "<group>"; };
/* End PBXFileReference section */

/* Begin PBXFrameworksBuildPhase section */
		D46964ED1CB3F37C00C6CFE1 /* Frameworks */ = {
			isa = PBXFrameworksBuildPhase;
			buildActionMask = 2147483647;
			files = (
			);
			runOnlyForDeploymentPostprocessing = 0;
		};
		D46965031CB3F37D00C6CFE1 /* Frameworks */ = {
			isa = PBXFrameworksBuildPhase;
			buildActionMask = 2147483647;
			files = (
			);
			runOnlyForDeploymentPostprocessing = 0;
		};
		D469650E1CB3F37D00C6CFE1 /* Frameworks */ = {
			isa = PBXFrameworksBuildPhase;
			buildActionMask = 2147483647;
			files = (
			);
			runOnlyForDeploymentPostprocessing = 0;
		};
/* End PBXFrameworksBuildPhase section */

/* Begin PBXGroup section */
		D40421F71CC6B97000D916C7 /* CustomClasses */ = {
			isa = PBXGroup;
			children = (
				D4426B7D1CC1FB1B00199A71 /* Travel.swift */,
				D48827EC1CBBE108002A0A87 /* Trips.swift */,
				D4426B751CC139D700199A71 /* Trip.swift */,
				D4426B711CC1267400199A71 /* Address.swift */,
				D4426B791CC1F77D00199A71 /* LegDetail.swift */,
				D4426B731CC1396500199A71 /* Leg.swift */,
				D40421F81CC7AAC400D916C7 /* LegWalk.swift */,
				D40421FA1CC7AAD000D916C7 /* LegTravel.swift */,
				D4426B771CC1E9F000199A71 /* LegInfo.swift */,
				D4426B7B1CC1F9FC00199A71 /* Walk.swift */,
			);
			name = CustomClasses;
			sourceTree = "<group>";
		};
		D46964E71CB3F37C00C6CFE1 = {
			isa = PBXGroup;
			children = (
				D46964F21CB3F37C00C6CFE1 /* SLife */,
				D46965091CB3F37D00C6CFE1 /* SLifeTests */,
				D46965141CB3F37D00C6CFE1 /* SLifeUITests */,
				D46964F11CB3F37C00C6CFE1 /* Products */,
			);
			sourceTree = "<group>";
		};
		D46964F11CB3F37C00C6CFE1 /* Products */ = {
			isa = PBXGroup;
			children = (
				D46964F01CB3F37C00C6CFE1 /* SLife.app */,
				D46965061CB3F37D00C6CFE1 /* SLifeTests.xctest */,
				D46965111CB3F37D00C6CFE1 /* SLifeUITests.xctest */,
			);
			name = Products;
			sourceTree = "<group>";
		};
		D46964F21CB3F37C00C6CFE1 /* SLife */ = {
			isa = PBXGroup;
			children = (
				D4558E571CB553E10050DB75 /* SearchTripController.swift */,
				D46964F31CB3F37C00C6CFE1 /* AppDelegate.swift */,
				D401B6701CB417150018465C /* tripSuggestions.swift */,
				D46964F71CB3F37C00C6CFE1 /* SecondViewController.swift */,
				D4558E4F1CB5301E0050DB75 /* WebServiceHandler.swift */,
				D4426B6D1CC0C58200199A71 /* ParseJson.swift */,
				D46964F91CB3F37C00C6CFE1 /* Main.storyboard */,
				D48827EA1CBBDEEA002A0A87 /* TripSuggestionsTVC.swift */,
				D4C9B4891CBEA16000978546 /* TripSuggestionsTVC_new.swift */,
				D4C9B48B1CBEAA9100978546 /* TripStocks.swift */,
				D40421F71CC6B97000D916C7 /* CustomClasses */,
				D48827E21CBBCF35002A0A87 /* TripSuggestionsCell.swift */,
				D4426B6F1CC0D4F900199A71 /* TripSuggestionCells_new.swift */,
				D46964FC1CB3F37C00C6CFE1 /* Assets.xcassets */,
				D46964FE1CB3F37C00C6CFE1 /* LaunchScreen.storyboard */,
				D46965011CB3F37C00C6CFE1 /* Info.plist */,
			);
			path = SLife;
			sourceTree = "<group>";
		};
		D46965091CB3F37D00C6CFE1 /* SLifeTests */ = {
			isa = PBXGroup;
			children = (
				D469650A1CB3F37D00C6CFE1 /* SLifeTests.swift */,
				D469650C1CB3F37D00C6CFE1 /* Info.plist */,
			);
			path = SLifeTests;
			sourceTree = "<group>";
		};
		D46965141CB3F37D00C6CFE1 /* SLifeUITests */ = {
			isa = PBXGroup;
			children = (
				D46965151CB3F37D00C6CFE1 /* SLifeUITests.swift */,
				D46965171CB3F37D00C6CFE1 /* Info.plist */,
			);
			path = SLifeUITests;
			sourceTree = "<group>";
		};
/* End PBXGroup section */

/* Begin PBXNativeTarget section */
		D46964EF1CB3F37C00C6CFE1 /* SLife */ = {
			isa = PBXNativeTarget;
			buildConfigurationList = D469651A1CB3F37D00C6CFE1 /* Build configuration list for PBXNativeTarget "SLife" */;
			buildPhases = (
				D46964EC1CB3F37C00C6CFE1 /* Sources */,
				D46964ED1CB3F37C00C6CFE1 /* Frameworks */,
				D46964EE1CB3F37C00C6CFE1 /* Resources */,
			);
			buildRules = (
			);
			dependencies = (
			);
			name = SLife;
			productName = SLife;
			productReference = D46964F01CB3F37C00C6CFE1 /* SLife.app */;
			productType = "com.apple.product-type.application";
		};
		D46965051CB3F37D00C6CFE1 /* SLifeTests */ = {
			isa = PBXNativeTarget;
			buildConfigurationList = D469651D1CB3F37D00C6CFE1 /* Build configuration list for PBXNativeTarget "SLifeTests" */;
			buildPhases = (
				D46965021CB3F37D00C6CFE1 /* Sources */,
				D46965031CB3F37D00C6CFE1 /* Frameworks */,
				D46965041CB3F37D00C6CFE1 /* Resources */,
			);
			buildRules = (
			);
			dependencies = (
				D46965081CB3F37D00C6CFE1 /* PBXTargetDependency */,
			);
			name = SLifeTests;
			productName = SLifeTests;
			productReference = D46965061CB3F37D00C6CFE1 /* SLifeTests.xctest */;
			productType = "com.apple.product-type.bundle.unit-test";
		};
		D46965101CB3F37D00C6CFE1 /* SLifeUITests */ = {
			isa = PBXNativeTarget;
			buildConfigurationList = D46965201CB3F37D00C6CFE1 /* Build configuration list for PBXNativeTarget "SLifeUITests" */;
			buildPhases = (
				D469650D1CB3F37D00C6CFE1 /* Sources */,
				D469650E1CB3F37D00C6CFE1 /* Frameworks */,
				D469650F1CB3F37D00C6CFE1 /* Resources */,
			);
			buildRules = (
			);
			dependencies = (
				D46965131CB3F37D00C6CFE1 /* PBXTargetDependency */,
			);
			name = SLifeUITests;
			productName = SLifeUITests;
			productReference = D46965111CB3F37D00C6CFE1 /* SLifeUITests.xctest */;
			productType = "com.apple.product-type.bundle.ui-testing";
		};
/* End PBXNativeTarget section */

/* Begin PBXProject section */
		D46964E81CB3F37C00C6CFE1 /* Project object */ = {
			isa = PBXProject;
			attributes = {
				LastSwiftUpdateCheck = 0730;
				LastUpgradeCheck = 0730;
				ORGANIZATIONNAME = "Be My Competence AB";
				TargetAttributes = {
					D46964EF1CB3F37C00C6CFE1 = {
						CreatedOnToolsVersion = 7.3;
					};
					D46965051CB3F37D00C6CFE1 = {
						CreatedOnToolsVersion = 7.3;
						TestTargetID = D46964EF1CB3F37C00C6CFE1;
					};
					D46965101CB3F37D00C6CFE1 = {
						CreatedOnToolsVersion = 7.3;
						TestTargetID = D46964EF1CB3F37C00C6CFE1;
					};
				};
			};
			buildConfigurationList = D46964EB1CB3F37C00C6CFE1 /* Build configuration list for PBXProject "SLife" */;
			compatibilityVersion = "Xcode 3.2";
			developmentRegion = English;
			hasScannedForEncodings = 0;
			knownRegions = (
				en,
				Base,
			);
			mainGroup = D46964E71CB3F37C00C6CFE1;
			productRefGroup = D46964F11CB3F37C00C6CFE1 /* Products */;
			projectDirPath = "";
			projectRoot = "";
			targets = (
				D46964EF1CB3F37C00C6CFE1 /* SLife */,
				D46965051CB3F37D00C6CFE1 /* SLifeTests */,
				D46965101CB3F37D00C6CFE1 /* SLifeUITests */,
			);
		};
/* End PBXProject section */

/* Begin PBXResourcesBuildPhase section */
		D46964EE1CB3F37C00C6CFE1 /* Resources */ = {
			isa = PBXResourcesBuildPhase;
			buildActionMask = 2147483647;
			files = (
				D46965001CB3F37C00C6CFE1 /* LaunchScreen.storyboard in Resources */,
				D46964FD1CB3F37C00C6CFE1 /* Assets.xcassets in Resources */,
				D46964FB1CB3F37C00C6CFE1 /* Main.storyboard in Resources */,
			);
			runOnlyForDeploymentPostprocessing = 0;
		};
		D46965041CB3F37D00C6CFE1 /* Resources */ = {
			isa = PBXResourcesBuildPhase;
			buildActionMask = 2147483647;
			files = (
			);
			runOnlyForDeploymentPostprocessing = 0;
		};
		D469650F1CB3F37D00C6CFE1 /* Resources */ = {
			isa = PBXResourcesBuildPhase;
			buildActionMask = 2147483647;
			files = (
			);
			runOnlyForDeploymentPostprocessing = 0;
		};
/* End PBXResourcesBuildPhase section */

/* Begin PBXSourcesBuildPhase section */
		D46964EC1CB3F37C00C6CFE1 /* Sources */ = {
			isa = PBXSourcesBuildPhase;
			buildActionMask = 2147483647;
			files = (
				D4426B761CC139D800199A71 /* Trip.swift in Sources */,
				D48827ED1CBBE108002A0A87 /* Trips.swift in Sources */,
				D4C9B48C1CBEAA9100978546 /* TripStocks.swift in Sources */,
				D40421F91CC7AAC400D916C7 /* LegWalk.swift in Sources */,
				D4426B7A1CC1F77D00199A71 /* LegDetail.swift in Sources */,
				D4558E581CB553E10050DB75 /* SearchTripController.swift in Sources */,
				D46964F81CB3F37C00C6CFE1 /* SecondViewController.swift in Sources */,
				D46964F41CB3F37C00C6CFE1 /* AppDelegate.swift in Sources */,
				D4426B7E1CC1FB1B00199A71 /* Travel.swift in Sources */,
				D4558E501CB5301E0050DB75 /* WebServiceHandler.swift in Sources */,
				D48827E31CBBCF35002A0A87 /* TripSuggestionsCell.swift in Sources */,
				D4426B701CC0D4F900199A71 /* TripSuggestionCells_new.swift in Sources */,
				D4426B7C1CC1F9FC00199A71 /* Walk.swift in Sources */,
				D401B6711CB417150018465C /* tripSuggestions.swift in Sources */,
				D40421FB1CC7AAD000D916C7 /* LegTravel.swift in Sources */,
				D4426B721CC1267500199A71 /* Address.swift in Sources */,
				D4C9B48A1CBEA16000978546 /* TripSuggestionsTVC_new.swift in Sources */,
				D4426B781CC1E9F000199A71 /* LegInfo.swift in Sources */,
				D4426B6E1CC0C58200199A71 /* ParseJson.swift in Sources */,
				D4426B741CC1396500199A71 /* Leg.swift in Sources */,
				D48827EB1CBBDEEA002A0A87 /* TripSuggestionsTVC.swift in Sources */,
			);
			runOnlyForDeploymentPostprocessing = 0;
		};
		D46965021CB3F37D00C6CFE1 /* Sources */ = {
			isa = PBXSourcesBuildPhase;
			buildActionMask = 2147483647;
			files = (
				D4558E591CB553E10050DB75 /* SearchTripController.swift in Sources */,
				D48827E41CBBCF35002A0A87 /* TripSuggestionsCell.swift in Sources */,
				D401B6721CB417150018465C /* tripSuggestions.swift in Sources */,
				D4558E511CB5301E0050DB75 /* WebServiceHandler.swift in Sources */,
				D469650B1CB3F37D00C6CFE1 /* SLifeTests.swift in Sources */,
			);
			runOnlyForDeploymentPostprocessing = 0;
		};
		D469650D1CB3F37D00C6CFE1 /* Sources */ = {
			isa = PBXSourcesBuildPhase;
			buildActionMask = 2147483647;
			files = (
				D4558E5A1CB553E10050DB75 /* SearchTripController.swift in Sources */,
				D48827E51CBBCF35002A0A87 /* TripSuggestionsCell.swift in Sources */,
				D401B6731CB417150018465C /* tripSuggestions.swift in Sources */,
				D4558E521CB5301E0050DB75 /* WebServiceHandler.swift in Sources */,
				D46965161CB3F37D00C6CFE1 /* SLifeUITests.swift in Sources */,
			);
			runOnlyForDeploymentPostprocessing = 0;
		};
/* End PBXSourcesBuildPhase section */

/* Begin PBXTargetDependency section */
		D46965081CB3F37D00C6CFE1 /* PBXTargetDependency */ = {
			isa = PBXTargetDependency;
			target = D46964EF1CB3F37C00C6CFE1 /* SLife */;
			targetProxy = D46965071CB3F37D00C6CFE1 /* PBXContainerItemProxy */;
		};
		D46965131CB3F37D00C6CFE1 /* PBXTargetDependency */ = {
			isa = PBXTargetDependency;
			target = D46964EF1CB3F37C00C6CFE1 /* SLife */;
			targetProxy = D46965121CB3F37D00C6CFE1 /* PBXContainerItemProxy */;
		};
/* End PBXTargetDependency section */

/* Begin PBXVariantGroup section */
		D46964F91CB3F37C00C6CFE1 /* Main.storyboard */ = {
			isa = PBXVariantGroup;
			children = (
				D46964FA1CB3F37C00C6CFE1 /* Base */,
			);
			name = Main.storyboard;
			sourceTree = "<group>";
		};
		D46964FE1CB3F37C00C6CFE1 /* LaunchScreen.storyboard */ = {
			isa = PBXVariantGroup;
			children = (
				D46964FF1CB3F37C00C6CFE1 /* Base */,
			);
			name = LaunchScreen.storyboard;
			sourceTree = "<group>";
		};
/* End PBXVariantGroup section */

/* Begin XCBuildConfiguration section */
		D46965181CB3F37D00C6CFE1 /* Debug */ = {
			isa = XCBuildConfiguration;
			buildSettings = {
				ALWAYS_SEARCH_USER_PATHS = NO;
				CLANG_ANALYZER_NONNULL = YES;
				CLANG_CXX_LANGUAGE_STANDARD = "gnu++0x";
				CLANG_CXX_LIBRARY = "libc++";
				CLANG_ENABLE_MODULES = YES;
				CLANG_ENABLE_OBJC_ARC = YES;
				CLANG_WARN_BOOL_CONVERSION = YES;
				CLANG_WARN_CONSTANT_CONVERSION = YES;
				CLANG_WARN_DIRECT_OBJC_ISA_USAGE = YES_ERROR;
				CLANG_WARN_EMPTY_BODY = YES;
				CLANG_WARN_ENUM_CONVERSION = YES;
				CLANG_WARN_INT_CONVERSION = YES;
				CLANG_WARN_OBJC_ROOT_CLASS = YES_ERROR;
				CLANG_WARN_UNREACHABLE_CODE = YES;
				CLANG_WARN__DUPLICATE_METHOD_MATCH = YES;
				"CODE_SIGN_IDENTITY[sdk=iphoneos*]" = "iPhone Developer";
				COPY_PHASE_STRIP = NO;
				DEBUG_INFORMATION_FORMAT = dwarf;
				ENABLE_STRICT_OBJC_MSGSEND = YES;
				ENABLE_TESTABILITY = YES;
				GCC_C_LANGUAGE_STANDARD = gnu99;
				GCC_DYNAMIC_NO_PIC = NO;
				GCC_NO_COMMON_BLOCKS = YES;
				GCC_OPTIMIZATION_LEVEL = 0;
				GCC_PREPROCESSOR_DEFINITIONS = (
					"DEBUG=1",
					"$(inherited)",
				);
				GCC_WARN_64_TO_32_BIT_CONVERSION = YES;
				GCC_WARN_ABOUT_RETURN_TYPE = YES_ERROR;
				GCC_WARN_UNDECLARED_SELECTOR = YES;
				GCC_WARN_UNINITIALIZED_AUTOS = YES_AGGRESSIVE;
				GCC_WARN_UNUSED_FUNCTION = YES;
				GCC_WARN_UNUSED_VARIABLE = YES;
				IPHONEOS_DEPLOYMENT_TARGET = 9.3;
				MTL_ENABLE_DEBUG_INFO = YES;
				ONLY_ACTIVE_ARCH = YES;
				SDKROOT = iphoneos;
				SWIFT_OPTIMIZATION_LEVEL = "-Onone";
			};
			name = Debug;
		};
		D46965191CB3F37D00C6CFE1 /* Release */ = {
			isa = XCBuildConfiguration;
			buildSettings = {
				ALWAYS_SEARCH_USER_PATHS = NO;
				CLANG_ANALYZER_NONNULL = YES;
				CLANG_CXX_LANGUAGE_STANDARD = "gnu++0x";
				CLANG_CXX_LIBRARY = "libc++";
				CLANG_ENABLE_MODULES = YES;
				CLANG_ENABLE_OBJC_ARC = YES;
				CLANG_WARN_BOOL_CONVERSION = YES;
				CLANG_WARN_CONSTANT_CONVERSION = YES;
				CLANG_WARN_DIRECT_OBJC_ISA_USAGE = YES_ERROR;
				CLANG_WARN_EMPTY_BODY = YES;
				CLANG_WARN_ENUM_CONVERSION = YES;
				CLANG_WARN_INT_CONVERSION = YES;
				CLANG_WARN_OBJC_ROOT_CLASS = YES_ERROR;
				CLANG_WARN_UNREACHABLE_CODE = YES;
				CLANG_WARN__DUPLICATE_METHOD_MATCH = YES;
				"CODE_SIGN_IDENTITY[sdk=iphoneos*]" = "iPhone Developer";
				COPY_PHASE_STRIP = NO;
				DEBUG_INFORMATION_FORMAT = "dwarf-with-dsym";
				ENABLE_NS_ASSERTIONS = NO;
				ENABLE_STRICT_OBJC_MSGSEND = YES;
				GCC_C_LANGUAGE_STANDARD = gnu99;
				GCC_NO_COMMON_BLOCKS = YES;
				GCC_WARN_64_TO_32_BIT_CONVERSION = YES;
				GCC_WARN_ABOUT_RETURN_TYPE = YES_ERROR;
				GCC_WARN_UNDECLARED_SELECTOR = YES;
				GCC_WARN_UNINITIALIZED_AUTOS = YES_AGGRESSIVE;
				GCC_WARN_UNUSED_FUNCTION = YES;
				GCC_WARN_UNUSED_VARIABLE = YES;
				IPHONEOS_DEPLOYMENT_TARGET = 9.3;
				MTL_ENABLE_DEBUG_INFO = NO;
				SDKROOT = iphoneos;
				VALIDATE_PRODUCT = YES;
			};
			name = Release;
		};
		D469651B1CB3F37D00C6CFE1 /* Debug */ = {
			isa = XCBuildConfiguration;
			buildSettings = {
				ASSETCATALOG_COMPILER_APPICON_NAME = AppIcon;
				INFOPLIST_FILE = SLife/Info.plist;
				LD_RUNPATH_SEARCH_PATHS = "$(inherited) @executable_path/Frameworks";
				PRODUCT_BUNDLE_IDENTIFIER = BeMyCompetenceAB.SLife;
				PRODUCT_NAME = "$(TARGET_NAME)";
				TARGETED_DEVICE_FAMILY = "1,2";
			};
			name = Debug;
		};
		D469651C1CB3F37D00C6CFE1 /* Release */ = {
			isa = XCBuildConfiguration;
			buildSettings = {
				ASSETCATALOG_COMPILER_APPICON_NAME = AppIcon;
				INFOPLIST_FILE = SLife/Info.plist;
				LD_RUNPATH_SEARCH_PATHS = "$(inherited) @executable_path/Frameworks";
				PRODUCT_BUNDLE_IDENTIFIER = BeMyCompetenceAB.SLife;
				PRODUCT_NAME = "$(TARGET_NAME)";
				TARGETED_DEVICE_FAMILY = "1,2";
			};
			name = Release;
		};
		D469651E1CB3F37D00C6CFE1 /* Debug */ = {
			isa = XCBuildConfiguration;
			buildSettings = {
				BUNDLE_LOADER = "$(TEST_HOST)";
				INFOPLIST_FILE = SLifeTests/Info.plist;
				LD_RUNPATH_SEARCH_PATHS = "$(inherited) @executable_path/Frameworks @loader_path/Frameworks";
				PRODUCT_BUNDLE_IDENTIFIER = BeMyCompetenceAB.SLifeTests;
				PRODUCT_NAME = "$(TARGET_NAME)";
				TEST_HOST = "$(BUILT_PRODUCTS_DIR)/SLife.app/SLife";
			};
			name = Debug;
		};
		D469651F1CB3F37D00C6CFE1 /* Release */ = {
			isa = XCBuildConfiguration;
			buildSettings = {
				BUNDLE_LOADER = "$(TEST_HOST)";
				INFOPLIST_FILE = SLifeTests/Info.plist;
				LD_RUNPATH_SEARCH_PATHS = "$(inherited) @executable_path/Frameworks @loader_path/Frameworks";
				PRODUCT_BUNDLE_IDENTIFIER = BeMyCompetenceAB.SLifeTests;
				PRODUCT_NAME = "$(TARGET_NAME)";
				TEST_HOST = "$(BUILT_PRODUCTS_DIR)/SLife.app/SLife";
			};
			name = Release;
		};
		D46965211CB3F37D00C6CFE1 /* Debug */ = {
			isa = XCBuildConfiguration;
			buildSettings = {
				INFOPLIST_FILE = SLifeUITests/Info.plist;
				LD_RUNPATH_SEARCH_PATHS = "$(inherited) @executable_path/Frameworks @loader_path/Frameworks";
				PRODUCT_BUNDLE_IDENTIFIER = BeMyCompetenceAB.SLifeUITests;
				PRODUCT_NAME = "$(TARGET_NAME)";
				TEST_TARGET_NAME = SLife;
			};
			name = Debug;
		};
		D46965221CB3F37D00C6CFE1 /* Release */ = {
			isa = XCBuildConfiguration;
			buildSettings = {
				INFOPLIST_FILE = SLifeUITests/Info.plist;
				LD_RUNPATH_SEARCH_PATHS = "$(inherited) @executable_path/Frameworks @loader_path/Frameworks";
				PRODUCT_BUNDLE_IDENTIFIER = BeMyCompetenceAB.SLifeUITests;
				PRODUCT_NAME = "$(TARGET_NAME)";
				TEST_TARGET_NAME = SLife;
			};
			name = Release;
		};
/* End XCBuildConfiguration section */

/* Begin XCConfigurationList section */
		D46964EB1CB3F37C00C6CFE1 /* Build configuration list for PBXProject "SLife" */ = {
			isa = XCConfigurationList;
			buildConfigurations = (
				D46965181CB3F37D00C6CFE1 /* Debug */,
				D46965191CB3F37D00C6CFE1 /* Release */,
			);
			defaultConfigurationIsVisible = 0;
			defaultConfigurationName = Release;
		};
		D469651A1CB3F37D00C6CFE1 /* Build configuration list for PBXNativeTarget "SLife" */ = {
			isa = XCConfigurationList;
			buildConfigurations = (
				D469651B1CB3F37D00C6CFE1 /* Debug */,
				D469651C1CB3F37D00C6CFE1 /* Release */,
			);
			defaultConfigurationIsVisible = 0;
			defaultConfigurationName = Release;
		};
		D469651D1CB3F37D00C6CFE1 /* Build configuration list for PBXNativeTarget "SLifeTests" */ = {
			isa = XCConfigurationList;
			buildConfigurations = (
				D469651E1CB3F37D00C6CFE1 /* Debug */,
				D469651F1CB3F37D00C6CFE1 /* Release */,
			);
			defaultConfigurationIsVisible = 0;
			defaultConfigurationName = Release;
		};
		D46965201CB3F37D00C6CFE1 /* Build configuration list for PBXNativeTarget "SLifeUITests" */ = {
			isa = XCConfigurationList;
			buildConfigurations = (
				D46965211CB3F37D00C6CFE1 /* Debug */,
				D46965221CB3F37D00C6CFE1 /* Release */,
			);
			defaultConfigurationIsVisible = 0;
			defaultConfigurationName = Release;
		};
/* End XCConfigurationList section */
	};
	rootObject = D46964E81CB3F37C00C6CFE1 /* Project object */;
}
